// !$*UTF8*$!
{
	archiveVersion = 1;
	classes = {
	};
	objectVersion = 46;
	objects = {

/* Begin PBXBuildFile section */
		F681429D1EAB724200F447A1 /* AppDelegate.swift in Sources */ = {isa = PBXBuildFile; fileRef = F68142931EAB724200F447A1 /* AppDelegate.swift */; };
		F681429E1EAB724200F447A1 /* Assets.xcassets in Resources */ = {isa = PBXBuildFile; fileRef = F68142941EAB724200F447A1 /* Assets.xcassets */; };
		F681429F1EAB724200F447A1 /* LaunchScreen.storyboard in Resources */ = {isa = PBXBuildFile; fileRef = F68142951EAB724200F447A1 /* LaunchScreen.storyboard */; };
		F68142A01EAB724200F447A1 /* Main.storyboard in Resources */ = {isa = PBXBuildFile; fileRef = F68142971EAB724200F447A1 /* Main.storyboard */; };
		F68142A11EAB724200F447A1 /* DisplayViewController.swift in Sources */ = {isa = PBXBuildFile; fileRef = F68142991EAB724200F447A1 /* DisplayViewController.swift */; };
		F68142A21EAB724200F447A1 /* EditViewController.swift in Sources */ = {isa = PBXBuildFile; fileRef = F681429A1EAB724200F447A1 /* EditViewController.swift */; };
		F68142A41EAB724200F447A1 /* Person.swift in Sources */ = {isa = PBXBuildFile; fileRef = F681429C1EAB724200F447A1 /* Person.swift */; };
/* End PBXBuildFile section */

/* Begin PBXFileReference section */
		F67B035C1D243F5E003D5F76 /* profile-swift.app */ = {isa = PBXFileReference; explicitFileType = wrapper.application; includeInIndex = 0; path = "profile-swift.app"; sourceTree = BUILT_PRODUCTS_DIR; };
		F68142931EAB724200F447A1 /* AppDelegate.swift */ = {isa = PBXFileReference; fileEncoding = 4; lastKnownFileType = sourcecode.swift; path = AppDelegate.swift; sourceTree = "<group>"; };
		F68142941EAB724200F447A1 /* Assets.xcassets */ = {isa = PBXFileReference; lastKnownFileType = folder.assetcatalog; path = Assets.xcassets; sourceTree = "<group>"; };
		F68142961EAB724200F447A1 /* Base */ = {isa = PBXFileReference; lastKnownFileType = file.storyboard; name = Base; path = Base.lproj/LaunchScreen.storyboard; sourceTree = "<group>"; };
		F68142981EAB724200F447A1 /* Base */ = {isa = PBXFileReference; lastKnownFileType = file.storyboard; name = Base; path = Base.lproj/Main.storyboard; sourceTree = "<group>"; };
		F68142991EAB724200F447A1 /* DisplayViewController.swift */ = {isa = PBXFileReference; fileEncoding = 4; lastKnownFileType = sourcecode.swift; path = DisplayViewController.swift; sourceTree = "<group>"; };
		F681429A1EAB724200F447A1 /* EditViewController.swift */ = {isa = PBXFileReference; fileEncoding = 4; lastKnownFileType = sourcecode.swift; path = EditViewController.swift; sourceTree = "<group>"; };
		F681429B1EAB724200F447A1 /* Info.plist */ = {isa = PBXFileReference; fileEncoding = 4; lastKnownFileType = text.plist.xml; path = Info.plist; sourceTree = "<group>"; };
		F681429C1EAB724200F447A1 /* Person.swift */ = {isa = PBXFileReference; fileEncoding = 4; lastKnownFileType = sourcecode.swift; path = Person.swift; sourceTree = "<group>"; };
/* End PBXFileReference section */

/* Begin PBXFrameworksBuildPhase section */
		F67B03591D243F5E003D5F76 /* Frameworks */ = {
			isa = PBXFrameworksBuildPhase;
			buildActionMask = 2147483647;
			files = (
			);
			runOnlyForDeploymentPostprocessing = 0;
		};
/* End PBXFrameworksBuildPhase section */

/* Begin PBXGroup section */
		F67B03531D243F5E003D5F76 = {
			isa = PBXGroup;
			children = (
				F68142921EAB724200F447A1 /* profile-swift */,
				F67B035D1D243F5E003D5F76 /* Products */,
			);
			sourceTree = "<group>";
		};
		F67B035D1D243F5E003D5F76 /* Products */ = {
			isa = PBXGroup;
			children = (
				F67B035C1D243F5E003D5F76 /* profile-swift.app */,
			);
			name = Products;
			sourceTree = "<group>";
		};
		F68142921EAB724200F447A1 /* profile-swift */ = {
			isa = PBXGroup;
			children = (
				F68142931EAB724200F447A1 /* AppDelegate.swift */,
				F68142941EAB724200F447A1 /* Assets.xcassets */,
				F68142951EAB724200F447A1 /* LaunchScreen.storyboard */,
				F68142971EAB724200F447A1 /* Main.storyboard */,
				F68142991EAB724200F447A1 /* DisplayViewController.swift */,
				F681429A1EAB724200F447A1 /* EditViewController.swift */,
				F681429B1EAB724200F447A1 /* Info.plist */,
				F681429C1EAB724200F447A1 /* Person.swift */,
			);
			path = "profile-swift";
			sourceTree = "<group>";
		};
/* End PBXGroup section */

/* Begin PBXNativeTarget section */
		F67B035B1D243F5E003D5F76 /* profile-swift */ = {
			isa = PBXNativeTarget;
			buildConfigurationList = F67B036E1D243F5E003D5F76 /* Build configuration list for PBXNativeTarget "profile-swift" */;
			buildPhases = (
				F67B03581D243F5E003D5F76 /* Sources */,
				F67B03591D243F5E003D5F76 /* Frameworks */,
				F67B035A1D243F5E003D5F76 /* Resources */,
			);
			buildRules = (
			);
			dependencies = (
			);
			name = "profile-swift";
			productName = "ios-assignment";
			productReference = F67B035C1D243F5E003D5F76 /* profile-swift.app */;
			productType = "com.apple.product-type.application";
		};
/* End PBXNativeTarget section */

/* Begin PBXProject section */
		F67B03541D243F5E003D5F76 /* Project object */ = {
			isa = PBXProject;
			attributes = {
				LastSwiftUpdateCheck = 0730;
				LastUpgradeCheck = 0820;
				ORGANIZATIONNAME = ShoCard;
				TargetAttributes = {
					F67B035B1D243F5E003D5F76 = {
						CreatedOnToolsVersion = 7.3;
						LastSwiftMigration = 0820;
					};
				};
			};
			buildConfigurationList = F67B03571D243F5E003D5F76 /* Build configuration list for PBXProject "profile-swift" */;
			compatibilityVersion = "Xcode 3.2";
			developmentRegion = English;
			hasScannedForEncodings = 0;
			knownRegions = (
				en,
				Base,
			);
			mainGroup = F67B03531D243F5E003D5F76;
			productRefGroup = F67B035D1D243F5E003D5F76 /* Products */;
			projectDirPath = "";
			projectRoot = "";
			targets = (
				F67B035B1D243F5E003D5F76 /* profile-swift */,
			);
		};
/* End PBXProject section */

/* Begin PBXResourcesBuildPhase section */
		F67B035A1D243F5E003D5F76 /* Resources */ = {
			isa = PBXResourcesBuildPhase;
			buildActionMask = 2147483647;
			files = (
				F68142A01EAB724200F447A1 /* Main.storyboard in Resources */,
				F681429E1EAB724200F447A1 /* Assets.xcassets in Resources */,
				F681429F1EAB724200F447A1 /* LaunchScreen.storyboard in Resources */,
			);
			runOnlyForDeploymentPostprocessing = 0;
		};
/* End PBXResourcesBuildPhase section */

/* Begin PBXSourcesBuildPhase section */
		F67B03581D243F5E003D5F76 /* Sources */ = {
			isa = PBXSourcesBuildPhase;
			buildActionMask = 2147483647;
			files = (
				F681429D1EAB724200F447A1 /* AppDelegate.swift in Sources */,
				F68142A11EAB724200F447A1 /* DisplayViewController.swift in Sources */,
				F68142A41EAB724200F447A1 /* Person.swift in Sources */,
				F68142A21EAB724200F447A1 /* EditViewController.swift in Sources */,
			);
			runOnlyForDeploymentPostprocessing = 0;
		};
/* End PBXSourcesBuildPhase section */

/* Begin PBXVariantGroup section */
		F68142951EAB724200F447A1 /* LaunchScreen.storyboard */ = {
			isa = PBXVariantGroup;
			children = (
				F68142961EAB724200F447A1 /* Base */,
			);
			name = LaunchScreen.storyboard;
			sourceTree = "<group>";
		};
		F68142971EAB724200F447A1 /* Main.storyboard */ = {
			isa = PBXVariantGroup;
			children = (
				F68142981EAB724200F447A1 /* Base */,
			);
			name = Main.storyboard;
			sourceTree = "<group>";
		};
/* End PBXVariantGroup section */

/* Begin XCBuildConfiguration section */
		F67B036C1D243F5E003D5F76 /* Debug */ = {
			isa = XCBuildConfiguration;
			buildSettings = {
				ALWAYS_SEARCH_USER_PATHS = NO;
				CLANG_ANALYZER_NONNULL = YES;
				CLANG_CXX_LANGUAGE_STANDARD = "gnu++0x";
				CLANG_CXX_LIBRARY = "libc++";
				CLANG_ENABLE_MODULES = YES;
				CLANG_ENABLE_OBJC_ARC = YES;
				CLANG_WARN_BOOL_CONVERSION = YES;
				CLANG_WARN_CONSTANT_CONVERSION = YES;
				CLANG_WARN_DIRECT_OBJC_ISA_USAGE = YES_ERROR;
				CLANG_WARN_EMPTY_BODY = YES;
				CLANG_WARN_ENUM_CONVERSION = YES;
				CLANG_WARN_INFINITE_RECURSION = YES;
				CLANG_WARN_INT_CONVERSION = YES;
				CLANG_WARN_OBJC_ROOT_CLASS = YES_ERROR;
				CLANG_WARN_SUSPICIOUS_MOVE = YES;
				CLANG_WARN_UNREACHABLE_CODE = YES;
				CLANG_WARN__DUPLICATE_METHOD_MATCH = YES;
				"CODE_SIGN_IDENTITY[sdk=iphoneos*]" = "iPhone Developer";
				COPY_PHASE_STRIP = NO;
				DEBUG_INFORMATION_FORMAT = dwarf;
				ENABLE_STRICT_OBJC_MSGSEND = YES;
				ENABLE_TESTABILITY = YES;
				GCC_C_LANGUAGE_STANDARD = gnu99;
				GCC_DYNAMIC_NO_PIC = NO;
				GCC_NO_COMMON_BLOCKS = YES;
				GCC_OPTIMIZATION_LEVEL = 0;
				GCC_PREPROCESSOR_DEFINITIONS = (
					"DEBUG=1",
					"$(inherited)",
				);
				GCC_WARN_64_TO_32_BIT_CONVERSION = YES;
				GCC_WARN_ABOUT_RETURN_TYPE = YES_ERROR;
				GCC_WARN_UNDECLARED_SELECTOR = YES;
				GCC_WARN_UNINITIALIZED_AUTOS = YES_AGGRESSIVE;
				GCC_WARN_UNUSED_FUNCTION = YES;
				GCC_WARN_UNUSED_VARIABLE = YES;
				INFOPLIST_FILE = Info.plist;
				IPHONEOS_DEPLOYMENT_TARGET = 9.3;
				MTL_ENABLE_DEBUG_INFO = YES;
				ONLY_ACTIVE_ARCH = YES;
				SDKROOT = iphoneos;
				SWIFT_OPTIMIZATION_LEVEL = "-Onone";
				TARGETED_DEVICE_FAMILY = "1,2";
			};
			name = Debug;
		};
		F67B036D1D243F5E003D5F76 /* Release */ = {
			isa = XCBuildConfiguration;
			buildSettings = {
				ALWAYS_SEARCH_USER_PATHS = NO;
				CLANG_ANALYZER_NONNULL = YES;
				CLANG_CXX_LANGUAGE_STANDARD = "gnu++0x";
				CLANG_CXX_LIBRARY = "libc++";
				CLANG_ENABLE_MODULES = YES;
				CLANG_ENABLE_OBJC_ARC = YES;
				CLANG_WARN_BOOL_CONVERSION = YES;
				CLANG_WARN_CONSTANT_CONVERSION = YES;
				CLANG_WARN_DIRECT_OBJC_ISA_USAGE = YES_ERROR;
				CLANG_WARN_EMPTY_BODY = YES;
				CLANG_WARN_ENUM_CONVERSION = YES;
				CLANG_WARN_INFINITE_RECURSION = YES;
				CLANG_WARN_INT_CONVERSION = YES;
				CLANG_WARN_OBJC_ROOT_CLASS = YES_ERROR;
				CLANG_WARN_SUSPICIOUS_MOVE = YES;
				CLANG_WARN_UNREACHABLE_CODE = YES;
				CLANG_WARN__DUPLICATE_METHOD_MATCH = YES;
				"CODE_SIGN_IDENTITY[sdk=iphoneos*]" = "iPhone Developer";
				COPY_PHASE_STRIP = NO;
				DEBUG_INFORMATION_FORMAT = "dwarf-with-dsym";
				ENABLE_NS_ASSERTIONS = NO;
				ENABLE_STRICT_OBJC_MSGSEND = YES;
				GCC_C_LANGUAGE_STANDARD = gnu99;
				GCC_NO_COMMON_BLOCKS = YES;
				GCC_WARN_64_TO_32_BIT_CONVERSION = YES;
				GCC_WARN_ABOUT_RETURN_TYPE = YES_ERROR;
				GCC_WARN_UNDECLARED_SELECTOR = YES;
				GCC_WARN_UNINITIALIZED_AUTOS = YES_AGGRESSIVE;
				GCC_WARN_UNUSED_FUNCTION = YES;
				GCC_WARN_UNUSED_VARIABLE = YES;
				INFOPLIST_FILE = Info.plist;
				IPHONEOS_DEPLOYMENT_TARGET = 9.3;
				MTL_ENABLE_DEBUG_INFO = NO;
				SDKROOT = iphoneos;
				SWIFT_OPTIMIZATION_LEVEL = "-Owholemodule";
				TARGETED_DEVICE_FAMILY = "1,2";
				VALIDATE_PRODUCT = YES;
			};
			name = Release;
		};
		F67B036F1D243F5E003D5F76 /* Debug */ = {
			isa = XCBuildConfiguration;
			buildSettings = {
				ASSETCATALOG_COMPILER_APPICON_NAME = AppIcon;
				INFOPLIST_FILE = "profile-swift/Info.plist";
				LD_RUNPATH_SEARCH_PATHS = "$(inherited) @executable_path/Frameworks";
				PRODUCT_BUNDLE_IDENTIFIER = "com.profile-ios";
				PRODUCT_NAME = "$(TARGET_NAME)";
				SWIFT_VERSION = 3.0;
			};
			name = Debug;
		};
		F67B03701D243F5E003D5F76 /* Release */ = {
			isa = XCBuildConfiguration;
			buildSettings = {
				ASSETCATALOG_COMPILER_APPICON_NAME = AppIcon;
				INFOPLIST_FILE = "profile-swift/Info.plist";
				LD_RUNPATH_SEARCH_PATHS = "$(inherited) @executable_path/Frameworks";
				PRODUCT_BUNDLE_IDENTIFIER = "com.profile-ios";
				PRODUCT_NAME = "$(TARGET_NAME)";
				SWIFT_VERSION = 3.0;
			};
			name = Release;
		};
/* End XCBuildConfiguration section */

/* Begin XCConfigurationList section */
		F67B03571D243F5E003D5F76 /* Build configuration list for PBXProject "profile-swift" */ = {
			isa = XCConfigurationList;
			buildConfigurations = (
				F67B036C1D243F5E003D5F76 /* Debug */,
				F67B036D1D243F5E003D5F76 /* Release */,
			);
			defaultConfigurationIsVisible = 0;
			defaultConfigurationName = Release;
		};
		F67B036E1D243F5E003D5F76 /* Build configuration list for PBXNativeTarget "profile-swift" */ = {
			isa = XCConfigurationList;
			buildConfigurations = (
				F67B036F1D243F5E003D5F76 /* Debug */,
				F67B03701D243F5E003D5F76 /* Release */,
			);
			defaultConfigurationIsVisible = 0;
			defaultConfigurationName = Release;
		};
/* End XCConfigurationList section */
	};
	rootObject = F67B03541D243F5E003D5F76 /* Project object */;
}
